
Microsoft Visual Studio Solution File, Format Version 12.00
# Visual Studio Version 17
VisualStudioVersion = 17.2.32526.322
MinimumVisualStudioVersion = 10.0.40219.1
Project("{9A19103F-16F7-4668-BE54-9A1E7A4F7556}") = "BuzzAPISample", "BuzzAPISample.csproj", "{69D13658-85D5-42CF-A502-6D4991EFB788}"
EndProject
Global
	GlobalSection(SolutionConfigurationPlatforms) = preSolution
		Debug|Any CPU = Debug|Any CPU
		Release|Any CPU = Release|Any CPU
	EndGlobalSection
	GlobalSection(ProjectConfigurationPlatforms) = postSolution
		{69D13658-85D5-42CF-A502-6D4991EFB788}.Debug|Any CPU.ActiveCfg = Debug|Any CPU
		{69D13658-85D5-42CF-A502-6D4991EFB788}.Debug|Any CPU.Build.0 = Debug|Any CPU
		{69D13658-85D5-42CF-A502-6D4991EFB788}.Release|Any CPU.ActiveCfg = Release|Any CPU
		{69D13658-85D5-42CF-A502-6D4991EFB788}.Release|Any CPU.Build.0 = Release|Any CPU
	EndGlobalSection
	GlobalSection(SolutionProperties) = preSolution
		HideSolutionNode = FALSE
	EndGlobalSection
	GlobalSection(ExtensibilityGlobals) = postSolution
		SolutionGuid = {B2629DC7-0412-495E-878E-2BDD7E7268E1}
	EndGlobalSection
EndGlobal
